Microsoft Visual Studio Solution File, Format Version 12.00
# Visual Studio Version 17
VisualStudioVersion = 17.5.2.0
MinimumVisualStudioVersion = 10.0.40219.1
Project("{FAE04EC0-301F-11D3-BF4B-00C04F79EFBC}") = "AcsEmailMcp", "AcsEmailMcp.csproj", "{067B6DE9-70BF-8645-1F20-F672690B2078}"
EndProject
Project("{FAE04EC0-301F-11D3-BF4B-00C04F79EFBC}") = "AcsEmailMcp.Tests", "Tests\AcsEmailMcp.Tests.csproj", "{8B7C4A5D-9E2F-4F3B-9A1C-2D5E8F6B7A9C}"
EndProject
Global
	GlobalSection(SolutionConfigurationPlatforms) = preSolution
		Debug|Any CPU = Debug|Any CPU
		Release|Any CPU = Release|Any CPU
	EndGlobalSection
	GlobalSection(ProjectConfigurationPlatforms) = postSolution
		{067B6DE9-70BF-8645-1F20-F672690B2078}.Debug|Any CPU.ActiveCfg = Debug|Any CPU
		{067B6DE9-70BF-8645-1F20-F672690B2078}.Debug|Any CPU.Build.0 = Debug|Any CPU
		{067B6DE9-70BF-8645-1F20-F672690B2078}.Release|Any CPU.ActiveCfg = Release|Any CPU
		{067B6DE9-70BF-8645-1F20-F672690B2078}.Release|Any CPU.Build.0 = Release|Any CPU
		{8B7C4A5D-9E2F-4F3B-9A1C-2D5E8F6B7A9C}.Debug|Any CPU.ActiveCfg = Debug|Any CPU
		{8B7C4A5D-9E2F-4F3B-9A1C-2D5E8F6B7A9C}.Debug|Any CPU.Build.0 = Debug|Any CPU
		{8B7C4A5D-9E2F-4F3B-9A1C-2D5E8F6B7A9C}.Release|Any CPU.ActiveCfg = Release|Any CPU
		{8B7C4A5D-9E2F-4F3B-9A1C-2D5E8F6B7A9C}.Release|Any CPU.Build.0 = Release|Any CPU
	EndGlobalSection
	GlobalSection(SolutionProperties) = preSolution
		HideSolutionNode = FALSE
	EndGlobalSection
	GlobalSection(ExtensibilityGlobals) = postSolution
		SolutionGuid = {261825F0-5F98-4ADC-9779-C4B4665031A9}
	EndGlobalSection
EndGlobal
